// !$*UTF8*$!
{
	archiveVersion = 1;
	classes = {
	};
	objectVersion = 48;
	objects = {

/* Begin PBXBuildFile section */
		71463DBA1FEBB00300BCC7B9 /* Shiny.h in Headers */ = {isa = PBXBuildFile; fileRef = 71463DB81FEBB00300BCC7B9 /* Shiny.h */; settings = {ATTRIBUTES = (Public, ); }; };
		71463DC71FEBB00E00BCC7B9 /* AppDelegate.swift in Sources */ = {isa = PBXBuildFile; fileRef = 71463DC61FEBB00E00BCC7B9 /* AppDelegate.swift */; };
		71463DC91FEBB00F00BCC7B9 /* ViewController.swift in Sources */ = {isa = PBXBuildFile; fileRef = 71463DC81FEBB00F00BCC7B9 /* ViewController.swift */; };
		71463DCC1FEBB00F00BCC7B9 /* Main.storyboard in Resources */ = {isa = PBXBuildFile; fileRef = 71463DCA1FEBB00F00BCC7B9 /* Main.storyboard */; };
		71463DCE1FEBB00F00BCC7B9 /* Assets.xcassets in Resources */ = {isa = PBXBuildFile; fileRef = 71463DCD1FEBB00F00BCC7B9 /* Assets.xcassets */; };
		71463DD11FEBB00F00BCC7B9 /* LaunchScreen.storyboard in Resources */ = {isa = PBXBuildFile; fileRef = 71463DCF1FEBB00F00BCC7B9 /* LaunchScreen.storyboard */; };
		716B1867200FCE9500F09032 /* Scene.swift in Sources */ = {isa = PBXBuildFile; fileRef = 716B1866200FCE9500F09032 /* Scene.swift */; };
		71C96DB81FEBB7CF00C9CC58 /* Extensions.swift in Sources */ = {isa = PBXBuildFile; fileRef = 71C96DB41FEBB7CF00C9CC58 /* Extensions.swift */; };
		71C96DB91FEBB7CF00C9CC58 /* Gyro.swift in Sources */ = {isa = PBXBuildFile; fileRef = 71C96DB51FEBB7CF00C9CC58 /* Gyro.swift */; };
		71C96DBA1FEBB7CF00C9CC58 /* Gradient.swift in Sources */ = {isa = PBXBuildFile; fileRef = 71C96DB61FEBB7CF00C9CC58 /* Gradient.swift */; };
		71C96DBB1FEBB7CF00C9CC58 /* Shiny.swift in Sources */ = {isa = PBXBuildFile; fileRef = 71C96DB71FEBB7CF00C9CC58 /* Shiny.swift */; };
		71C96DBC1FEBB7E400C9CC58 /* Shiny.framework in Frameworks */ = {isa = PBXBuildFile; fileRef = 71463DB51FEBB00300BCC7B9 /* Shiny.framework */; };
		71C96DBD1FEBB7E400C9CC58 /* Shiny.framework in Embed Frameworks */ = {isa = PBXBuildFile; fileRef = 71463DB51FEBB00300BCC7B9 /* Shiny.framework */; settings = {ATTRIBUTES = (CodeSignOnCopy, RemoveHeadersOnCopy, ); }; };
		71C96DC31FEBC3F600C9CC58 /* ContainerView.swift in Sources */ = {isa = PBXBuildFile; fileRef = 71C96DC11FEBC3F600C9CC58 /* ContainerView.swift */; };
		71C96DC41FEBC3F600C9CC58 /* Extensions.swift in Sources */ = {isa = PBXBuildFile; fileRef = 71C96DC21FEBC3F600C9CC58 /* Extensions.swift */; };
		71C96DC81FEBC42500C9CC58 /* Shiny.podspec in Resources */ = {isa = PBXBuildFile; fileRef = 71C96DC51FEBC42500C9CC58 /* Shiny.podspec */; };
		71C96DC91FEBC42500C9CC58 /* README.md in Resources */ = {isa = PBXBuildFile; fileRef = 71C96DC61FEBC42500C9CC58 /* README.md */; };
		71C96DCA1FEBC42500C9CC58 /* CHANGELOG.md in Resources */ = {isa = PBXBuildFile; fileRef = 71C96DC71FEBC42500C9CC58 /* CHANGELOG.md */; };
/* End PBXBuildFile section */

/* Begin PBXContainerItemProxy section */
		71C96DBE1FEBB7E400C9CC58 /* PBXContainerItemProxy */ = {
			isa = PBXContainerItemProxy;
			containerPortal = 71463DAC1FEBB00300BCC7B9 /* Project object */;
			proxyType = 1;
			remoteGlobalIDString = 71463DB41FEBB00300BCC7B9;
			remoteInfo = Shiny;
		};
/* End PBXContainerItemProxy section */

/* Begin PBXCopyFilesBuildPhase section */
		71C96DC01FEBB7E400C9CC58 /* Embed Frameworks */ = {
			isa = PBXCopyFilesBuildPhase;
			buildActionMask = 2147483647;
			dstPath = "";
			dstSubfolderSpec = 10;
			files = (
				71C96DBD1FEBB7E400C9CC58 /* Shiny.framework in Embed Frameworks */,
			);
			name = "Embed Frameworks";
			runOnlyForDeploymentPostprocessing = 0;
		};
/* End PBXCopyFilesBuildPhase section */

/* Begin PBXFileReference section */
		71463DB51FEBB00300BCC7B9 /* Shiny.framework */ = {isa = PBXFileReference; explicitFileType = wrapper.framework; includeInIndex = 0; path = Shiny.framework; sourceTree = BUILT_PRODUCTS_DIR; };
		71463DB81FEBB00300BCC7B9 /* Shiny.h */ = {isa = PBXFileReference; lastKnownFileType = sourcecode.c.h; path = Shiny.h; sourceTree = "<group>"; };
		71463DB91FEBB00300BCC7B9 /* Info.plist */ = {isa = PBXFileReference; lastKnownFileType = text.plist.xml; path = Info.plist; sourceTree = "<group>"; };
		71463DC41FEBB00E00BCC7B9 /* Example.app */ = {isa = PBXFileReference; explicitFileType = wrapper.application; includeInIndex = 0; path = Example.app; sourceTree = BUILT_PRODUCTS_DIR; };
		71463DC61FEBB00E00BCC7B9 /* AppDelegate.swift */ = {isa = PBXFileReference; lastKnownFileType = sourcecode.swift; path = AppDelegate.swift; sourceTree = "<group>"; };
		71463DC81FEBB00F00BCC7B9 /* ViewController.swift */ = {isa = PBXFileReference; lastKnownFileType = sourcecode.swift; path = ViewController.swift; sourceTree = "<group>"; };
		71463DCB1FEBB00F00BCC7B9 /* Base */ = {isa = PBXFileReference; lastKnownFileType = file.storyboard; name = Base; path = Base.lproj/Main.storyboard; sourceTree = "<group>"; };
		71463DCD1FEBB00F00BCC7B9 /* Assets.xcassets */ = {isa = PBXFileReference; lastKnownFileType = folder.assetcatalog; path = Assets.xcassets; sourceTree = "<group>"; };
		71463DD01FEBB00F00BCC7B9 /* Base */ = {isa = PBXFileReference; lastKnownFileType = file.storyboard; name = Base; path = Base.lproj/LaunchScreen.storyboard; sourceTree = "<group>"; };
		71463DD21FEBB00F00BCC7B9 /* Info.plist */ = {isa = PBXFileReference; lastKnownFileType = text.plist.xml; path = Info.plist; sourceTree = "<group>"; };
		716B1866200FCE9500F09032 /* Scene.swift */ = {isa = PBXFileReference; lastKnownFileType = sourcecode.swift; path = Scene.swift; sourceTree = "<group>"; };
		71C96DB41FEBB7CF00C9CC58 /* Extensions.swift */ = {isa = PBXFileReference; fileEncoding = 4; lastKnownFileType = sourcecode.swift; path = Extensions.swift; sourceTree = "<group>"; };
		71C96DB51FEBB7CF00C9CC58 /* Gyro.swift */ = {isa = PBXFileReference; fileEncoding = 4; lastKnownFileType = sourcecode.swift; path = Gyro.swift; sourceTree = "<group>"; };
		71C96DB61FEBB7CF00C9CC58 /* Gradient.swift */ = {isa = PBXFileReference; fileEncoding = 4; lastKnownFileType = sourcecode.swift; path = Gradient.swift; sourceTree = "<group>"; };
		71C96DB71FEBB7CF00C9CC58 /* Shiny.swift */ = {isa = PBXFileReference; fileEncoding = 4; lastKnownFileType = sourcecode.swift; path = Shiny.swift; sourceTree = "<group>"; };
		71C96DC11FEBC3F600C9CC58 /* ContainerView.swift */ = {isa = PBXFileReference; fileEncoding = 4; lastKnownFileType = sourcecode.swift; path = ContainerView.swift; sourceTree = "<group>"; };
		71C96DC21FEBC3F600C9CC58 /* Extensions.swift */ = {isa = PBXFileReference; fileEncoding = 4; lastKnownFileType = sourcecode.swift; path = Extensions.swift; sourceTree = "<group>"; };
		71C96DC51FEBC42500C9CC58 /* Shiny.podspec */ = {isa = PBXFileReference; fileEncoding = 4; lastKnownFileType = text; path = Shiny.podspec; sourceTree = "<group>"; };
		71C96DC61FEBC42500C9CC58 /* README.md */ = {isa = PBXFileReference; fileEncoding = 4; lastKnownFileType = net.daringfireball.markdown; path = README.md; sourceTree = "<group>"; };
		71C96DC71FEBC42500C9CC58 /* CHANGELOG.md */ = {isa = PBXFileReference; fileEncoding = 4; lastKnownFileType = net.daringfireball.markdown; path = CHANGELOG.md; sourceTree = "<group>"; };
/* End PBXFileReference section */

/* Begin PBXFrameworksBuildPhase section */
		71463DB11FEBB00300BCC7B9 /* Frameworks */ = {
			isa = PBXFrameworksBuildPhase;
			buildActionMask = 2147483647;
			files = (
			);
			runOnlyForDeploymentPostprocessing = 0;
		};
		71463DC11FEBB00E00BCC7B9 /* Frameworks */ = {
			isa = PBXFrameworksBuildPhase;
			buildActionMask = 2147483647;
			files = (
				71C96DBC1FEBB7E400C9CC58 /* Shiny.framework in Frameworks */,
			);
			runOnlyForDeploymentPostprocessing = 0;
		};
/* End PBXFrameworksBuildPhase section */

/* Begin PBXGroup section */
		71463DAB1FEBB00300BCC7B9 = {
			isa = PBXGroup;
			children = (
				71C96DC61FEBC42500C9CC58 /* README.md */,
				71C96DC71FEBC42500C9CC58 /* CHANGELOG.md */,
				71C96DC51FEBC42500C9CC58 /* Shiny.podspec */,
				71463DB71FEBB00300BCC7B9 /* Shiny */,
				71463DC51FEBB00E00BCC7B9 /* Example */,
				71463DB61FEBB00300BCC7B9 /* Products */,
			);
			sourceTree = "<group>";
		};
		71463DB61FEBB00300BCC7B9 /* Products */ = {
			isa = PBXGroup;
			children = (
				71463DB51FEBB00300BCC7B9 /* Shiny.framework */,
				71463DC41FEBB00E00BCC7B9 /* Example.app */,
			);
			name = Products;
			sourceTree = "<group>";
		};
		71463DB71FEBB00300BCC7B9 /* Shiny */ = {
			isa = PBXGroup;
			children = (
				71463DB91FEBB00300BCC7B9 /* Info.plist */,
				71463DB81FEBB00300BCC7B9 /* Shiny.h */,
				71C96DB71FEBB7CF00C9CC58 /* Shiny.swift */,
				716B1866200FCE9500F09032 /* Scene.swift */,
				71C96DB51FEBB7CF00C9CC58 /* Gyro.swift */,
				71C96DB61FEBB7CF00C9CC58 /* Gradient.swift */,
				71C96DB41FEBB7CF00C9CC58 /* Extensions.swift */,
			);
			name = Shiny;
			path = Sources;
			sourceTree = "<group>";
		};
		71463DC51FEBB00E00BCC7B9 /* Example */ = {
			isa = PBXGroup;
			children = (
				71463DC61FEBB00E00BCC7B9 /* AppDelegate.swift */,
				71463DC81FEBB00F00BCC7B9 /* ViewController.swift */,
				71C96DC11FEBC3F600C9CC58 /* ContainerView.swift */,
				71C96DC21FEBC3F600C9CC58 /* Extensions.swift */,
				71463DCA1FEBB00F00BCC7B9 /* Main.storyboard */,
				71463DCD1FEBB00F00BCC7B9 /* Assets.xcassets */,
				71463DCF1FEBB00F00BCC7B9 /* LaunchScreen.storyboard */,
				71463DD21FEBB00F00BCC7B9 /* Info.plist */,
			);
			path = Example;
			sourceTree = "<group>";
		};
/* End PBXGroup section */

/* Begin PBXHeadersBuildPhase section */
		71463DB21FEBB00300BCC7B9 /* Headers */ = {
			isa = PBXHeadersBuildPhase;
			buildActionMask = 2147483647;
			files = (
				71463DBA1FEBB00300BCC7B9 /* Shiny.h in Headers */,
			);
			runOnlyForDeploymentPostprocessing = 0;
		};
/* End PBXHeadersBuildPhase section */

/* Begin PBXNativeTarget section */
		71463DB41FEBB00300BCC7B9 /* Shiny */ = {
			isa = PBXNativeTarget;
			buildConfigurationList = 71463DBD1FEBB00300BCC7B9 /* Build configuration list for PBXNativeTarget "Shiny" */;
			buildPhases = (
				71463DB01FEBB00300BCC7B9 /* Sources */,
				71463DB11FEBB00300BCC7B9 /* Frameworks */,
				71463DB21FEBB00300BCC7B9 /* Headers */,
				71463DB31FEBB00300BCC7B9 /* Resources */,
			);
			buildRules = (
			);
			dependencies = (
			);
			name = Shiny;
			productName = Shiny;
			productReference = 71463DB51FEBB00300BCC7B9 /* Shiny.framework */;
			productType = "com.apple.product-type.framework";
		};
		71463DC31FEBB00E00BCC7B9 /* Example */ = {
			isa = PBXNativeTarget;
			buildConfigurationList = 71463DD31FEBB00F00BCC7B9 /* Build configuration list for PBXNativeTarget "Example" */;
			buildPhases = (
				71463DC01FEBB00E00BCC7B9 /* Sources */,
				71463DC11FEBB00E00BCC7B9 /* Frameworks */,
				71463DC21FEBB00E00BCC7B9 /* Resources */,
				71C96DC01FEBB7E400C9CC58 /* Embed Frameworks */,
			);
			buildRules = (
			);
			dependencies = (
				71C96DBF1FEBB7E400C9CC58 /* PBXTargetDependency */,
			);
			name = Example;
			productName = Example;
			productReference = 71463DC41FEBB00E00BCC7B9 /* Example.app */;
			productType = "com.apple.product-type.application";
		};
/* End PBXNativeTarget section */

/* Begin PBXProject section */
		71463DAC1FEBB00300BCC7B9 /* Project object */ = {
			isa = PBXProject;
			attributes = {
				LastSwiftUpdateCheck = 0920;
				LastUpgradeCheck = 0930;
				ORGANIZATIONNAME = "Lasha Efremidze";
				TargetAttributes = {
					71463DB41FEBB00300BCC7B9 = {
						CreatedOnToolsVersion = 9.2;
						LastSwiftMigration = 0920;
						ProvisioningStyle = Automatic;
					};
					71463DC31FEBB00E00BCC7B9 = {
						CreatedOnToolsVersion = 9.2;
						ProvisioningStyle = Automatic;
					};
				};
			};
			buildConfigurationList = 71463DAF1FEBB00300BCC7B9 /* Build configuration list for PBXProject "Shiny" */;
			compatibilityVersion = "Xcode 8.0";
			developmentRegion = en;
			hasScannedForEncodings = 0;
			knownRegions = (
				en,
				Base,
			);
			mainGroup = 71463DAB1FEBB00300BCC7B9;
			productRefGroup = 71463DB61FEBB00300BCC7B9 /* Products */;
			projectDirPath = "";
			projectRoot = "";
			targets = (
				71463DB41FEBB00300BCC7B9 /* Shiny */,
				71463DC31FEBB00E00BCC7B9 /* Example */,
			);
		};
/* End PBXProject section */

/* Begin PBXResourcesBuildPhase section */
		71463DB31FEBB00300BCC7B9 /* Resources */ = {
			isa = PBXResourcesBuildPhase;
			buildActionMask = 2147483647;
			files = (
			);
			runOnlyForDeploymentPostprocessing = 0;
		};
		71463DC21FEBB00E00BCC7B9 /* Resources */ = {
			isa = PBXResourcesBuildPhase;
			buildActionMask = 2147483647;
			files = (
				71C96DC81FEBC42500C9CC58 /* Shiny.podspec in Resources */,
				71C96DCA1FEBC42500C9CC58 /* CHANGELOG.md in Resources */,
				71463DD11FEBB00F00BCC7B9 /* LaunchScreen.storyboard in Resources */,
				71C96DC91FEBC42500C9CC58 /* README.md in Resources */,
				71463DCE1FEBB00F00BCC7B9 /* Assets.xcassets in Resources */,
				71463DCC1FEBB00F00BCC7B9 /* Main.storyboard in Resources */,
			);
			runOnlyForDeploymentPostprocessing = 0;
		};
/* End PBXResourcesBuildPhase section */

/* Begin PBXSourcesBuildPhase section */
		71463DB01FEBB00300BCC7B9 /* Sources */ = {
			isa = PBXSourcesBuildPhase;
			buildActionMask = 2147483647;
			files = (
				71C96DB91FEBB7CF00C9CC58 /* Gyro.swift in Sources */,
				71C96DBB1FEBB7CF00C9CC58 /* Shiny.swift in Sources */,
				716B1867200FCE9500F09032 /* Scene.swift in Sources */,
				71C96DB81FEBB7CF00C9CC58 /* Extensions.swift in Sources */,
				71C96DBA1FEBB7CF00C9CC58 /* Gradient.swift in Sources */,
			);
			runOnlyForDeploymentPostprocessing = 0;
		};
		71463DC01FEBB00E00BCC7B9 /* Sources */ = {
			isa = PBXSourcesBuildPhase;
			buildActionMask = 2147483647;
			files = (
				71463DC91FEBB00F00BCC7B9 /* ViewController.swift in Sources */,
				71463DC71FEBB00E00BCC7B9 /* AppDelegate.swift in Sources */,
				71C96DC31FEBC3F600C9CC58 /* ContainerView.swift in Sources */,
				71C96DC41FEBC3F600C9CC58 /* Extensions.swift in Sources */,
			);
			runOnlyForDeploymentPostprocessing = 0;
		};
/* End PBXSourcesBuildPhase section */

/* Begin PBXTargetDependency section */
		71C96DBF1FEBB7E400C9CC58 /* PBXTargetDependency */ = {
			isa = PBXTargetDependency;
			target = 71463DB41FEBB00300BCC7B9 /* Shiny */;
			targetProxy = 71C96DBE1FEBB7E400C9CC58 /* PBXContainerItemProxy */;
		};
/* End PBXTargetDependency section */

/* Begin PBXVariantGroup section */
		71463DCA1FEBB00F00BCC7B9 /* Main.storyboard */ = {
			isa = PBXVariantGroup;
			children = (
				71463DCB1FEBB00F00BCC7B9 /* Base */,
			);
			name = Main.storyboard;
			sourceTree = "<group>";
		};
		71463DCF1FEBB00F00BCC7B9 /* LaunchScreen.storyboard */ = {
			isa = PBXVariantGroup;
			children = (
				71463DD01FEBB00F00BCC7B9 /* Base */,
			);
			name = LaunchScreen.storyboard;
			sourceTree = "<group>";
		};
/* End PBXVariantGroup section */

/* Begin XCBuildConfiguration section */
		71463DBB1FEBB00300BCC7B9 /* Debug */ = {
			isa = XCBuildConfiguration;
			buildSettings = {
				ALWAYS_SEARCH_USER_PATHS = NO;
				CLANG_ANALYZER_NONNULL = YES;
				CLANG_ANALYZER_NUMBER_OBJECT_CONVERSION = YES_AGGRESSIVE;
				CLANG_CXX_LANGUAGE_STANDARD = "gnu++14";
				CLANG_CXX_LIBRARY = "libc++";
				CLANG_ENABLE_MODULES = YES;
				CLANG_ENABLE_OBJC_ARC = YES;
				CLANG_WARN_BLOCK_CAPTURE_AUTORELEASING = YES;
				CLANG_WARN_BOOL_CONVERSION = YES;
				CLANG_WARN_COMMA = YES;
				CLANG_WARN_CONSTANT_CONVERSION = YES;
				CLANG_WARN_DEPRECATED_OBJC_IMPLEMENTATIONS = YES;
				CLANG_WARN_DIRECT_OBJC_ISA_USAGE = YES_ERROR;
				CLANG_WARN_DOCUMENTATION_COMMENTS = YES;
				CLANG_WARN_EMPTY_BODY = YES;
				CLANG_WARN_ENUM_CONVERSION = YES;
				CLANG_WARN_INFINITE_RECURSION = YES;
				CLANG_WARN_INT_CONVERSION = YES;
				CLANG_WARN_NON_LITERAL_NULL_CONVERSION = YES;
				CLANG_WARN_OBJC_IMPLICIT_RETAIN_SELF = YES;
				CLANG_WARN_OBJC_LITERAL_CONVERSION = YES;
				CLANG_WARN_OBJC_ROOT_CLASS = YES_ERROR;
				CLANG_WARN_RANGE_LOOP_ANALYSIS = YES;
				CLANG_WARN_STRICT_PROTOTYPES = YES;
				CLANG_WARN_SUSPICIOUS_MOVE = YES;
				CLANG_WARN_UNGUARDED_AVAILABILITY = YES_AGGRESSIVE;
				CLANG_WARN_UNREACHABLE_CODE = YES;
				CLANG_WARN__DUPLICATE_METHOD_MATCH = YES;
				CODE_SIGN_IDENTITY = "iPhone Developer";
				COPY_PHASE_STRIP = NO;
				CURRENT_PROJECT_VERSION = 1;
				DEBUG_INFORMATION_FORMAT = dwarf;
				ENABLE_STRICT_OBJC_MSGSEND = YES;
				ENABLE_TESTABILITY = YES;
				GCC_C_LANGUAGE_STANDARD = gnu11;
				GCC_DYNAMIC_NO_PIC = NO;
				GCC_NO_COMMON_BLOCKS = YES;
				GCC_OPTIMIZATION_LEVEL = 0;
				GCC_PREPROCESSOR_DEFINITIONS = (
					"DEBUG=1",
					"$(inherited)",
				);
				GCC_WARN_64_TO_32_BIT_CONVERSION = YES;
				GCC_WARN_ABOUT_RETURN_TYPE = YES_ERROR;
				GCC_WARN_UNDECLARED_SELECTOR = YES;
				GCC_WARN_UNINITIALIZED_AUTOS = YES_AGGRESSIVE;
				GCC_WARN_UNUSED_FUNCTION = YES;
				GCC_WARN_UNUSED_VARIABLE = YES;
				IPHONEOS_DEPLOYMENT_TARGET = 9.3;
				MTL_ENABLE_DEBUG_INFO = YES;
				ONLY_ACTIVE_ARCH = YES;
				SDKROOT = iphoneos;
				SWIFT_ACTIVE_COMPILATION_CONDITIONS = DEBUG;
				SWIFT_OPTIMIZATION_LEVEL = "-Onone";
				VERSIONING_SYSTEM = "apple-generic";
				VERSION_INFO_PREFIX = "";
			};
			name = Debug;
		};
		71463DBC1FEBB00300BCC7B9 /* Release */ = {
			isa = XCBuildConfiguration;
			buildSettings = {
				ALWAYS_SEARCH_USER_PATHS = NO;
				CLANG_ANALYZER_NONNULL = YES;
				CLANG_ANALYZER_NUMBER_OBJECT_CONVERSION = YES_AGGRESSIVE;
				CLANG_CXX_LANGUAGE_STANDARD = "gnu++14";
				CLANG_CXX_LIBRARY = "libc++";
				CLANG_ENABLE_MODULES = YES;
				CLANG_ENABLE_OBJC_ARC = YES;
				CLANG_WARN_BLOCK_CAPTURE_AUTORELEASING = YES;
				CLANG_WARN_BOOL_CONVERSION = YES;
				CLANG_WARN_COMMA = YES;
				CLANG_WARN_CONSTANT_CONVERSION = YES;
				CLANG_WARN_DEPRECATED_OBJC_IMPLEMENTATIONS = YES;
				CLANG_WARN_DIRECT_OBJC_ISA_USAGE = YES_ERROR;
				CLANG_WARN_DOCUMENTATION_COMMENTS = YES;
				CLANG_WARN_EMPTY_BODY = YES;
				CLANG_WARN_ENUM_CONVERSION = YES;
				CLANG_WARN_INFINITE_RECURSION = YES;
				CLANG_WARN_INT_CONVERSION = YES;
				CLANG_WARN_NON_LITERAL_NULL_CONVERSION = YES;
				CLANG_WARN_OBJC_IMPLICIT_RETAIN_SELF = YES;
				CLANG_WARN_OBJC_LITERAL_CONVERSION = YES;
				CLANG_WARN_OBJC_ROOT_CLASS = YES_ERROR;
				CLANG_WARN_RANGE_LOOP_ANALYSIS = YES;
				CLANG_WARN_STRICT_PROTOTYPES = YES;
				CLANG_WARN_SUSPICIOUS_MOVE = YES;
				CLANG_WARN_UNGUARDED_AVAILABILITY = YES_AGGRESSIVE;
				CLANG_WARN_UNREACHABLE_CODE = YES;
				CLANG_WARN__DUPLICATE_METHOD_MATCH = YES;
				CODE_SIGN_IDENTITY = "iPhone Developer";
				COPY_PHASE_STRIP = NO;
				CURRENT_PROJECT_VERSION = 1;
				DEBUG_INFORMATION_FORMAT = "dwarf-with-dsym";
				ENABLE_NS_ASSERTIONS = NO;
				ENABLE_STRICT_OBJC_MSGSEND = YES;
				GCC_C_LANGUAGE_STANDARD = gnu11;
				GCC_NO_COMMON_BLOCKS = YES;
				GCC_WARN_64_TO_32_BIT_CONVERSION = YES;
				GCC_WARN_ABOUT_RETURN_TYPE = YES_ERROR;
				GCC_WARN_UNDECLARED_SELECTOR = YES;
				GCC_WARN_UNINITIALIZED_AUTOS = YES_AGGRESSIVE;
				GCC_WARN_UNUSED_FUNCTION = YES;
				GCC_WARN_UNUSED_VARIABLE = YES;
				IPHONEOS_DEPLOYMENT_TARGET = 9.3;
				MTL_ENABLE_DEBUG_INFO = NO;
				SDKROOT = iphoneos;
				SWIFT_OPTIMIZATION_LEVEL = "-Owholemodule";
				VALIDATE_PRODUCT = YES;
				VERSIONING_SYSTEM = "apple-generic";
				VERSION_INFO_PREFIX = "";
			};
			name = Release;
		};
		71463DBE1FEBB00300BCC7B9 /* Debug */ = {
			isa = XCBuildConfiguration;
			buildSettings = {
				CLANG_ENABLE_MODULES = YES;
				CODE_SIGN_IDENTITY = "";
				CODE_SIGN_STYLE = Automatic;
				DEFINES_MODULE = YES;
				DYLIB_COMPATIBILITY_VERSION = 1;
				DYLIB_CURRENT_VERSION = 1;
				DYLIB_INSTALL_NAME_BASE = "@rpath";
				INFOPLIST_FILE = "$(SRCROOT)/Sources/Info.plist";
				INSTALL_PATH = "$(LOCAL_LIBRARY_DIR)/Frameworks";
				LD_RUNPATH_SEARCH_PATHS = "$(inherited) @executable_path/Frameworks @loader_path/Frameworks";
				PRODUCT_BUNDLE_IDENTIFIER = com.efremidze.Shiny;
				PRODUCT_NAME = "$(TARGET_NAME:c99extidentifier)";
				SKIP_INSTALL = YES;
				SWIFT_OPTIMIZATION_LEVEL = "-Onone";
				SWIFT_VERSION = 4.0;
				TARGETED_DEVICE_FAMILY = "1,2";
			};
			name = Debug;
		};
		71463DBF1FEBB00300BCC7B9 /* Release */ = {
			isa = XCBuildConfiguration;
			buildSettings = {
				CLANG_ENABLE_MODULES = YES;
				CODE_SIGN_IDENTITY = "";
				CODE_SIGN_STYLE = Automatic;
				DEFINES_MODULE = YES;
				DYLIB_COMPATIBILITY_VERSION = 1;
				DYLIB_CURRENT_VERSION = 1;
				DYLIB_INSTALL_NAME_BASE = "@rpath";
				INFOPLIST_FILE = "$(SRCROOT)/Sources/Info.plist";
				INSTALL_PATH = "$(LOCAL_LIBRARY_DIR)/Frameworks";
				LD_RUNPATH_SEARCH_PATHS = "$(inherited) @executable_path/Frameworks @loader_path/Frameworks";
				PRODUCT_BUNDLE_IDENTIFIER = com.efremidze.Shiny;
				PRODUCT_NAME = "$(TARGET_NAME:c99extidentifier)";
				SKIP_INSTALL = YES;
				SWIFT_VERSION = 4.0;
				TARGETED_DEVICE_FAMILY = "1,2";
			};
			name = Release;
		};
		71463DD41FEBB00F00BCC7B9 /* Debug */ = {
			isa = XCBuildConfiguration;
			buildSettings = {
				ALWAYS_EMBED_SWIFT_STANDARD_LIBRARIES = YES;
				ASSETCATALOG_COMPILER_APPICON_NAME = AppIcon;
				CODE_SIGN_STYLE = Automatic;
				INFOPLIST_FILE = Example/Info.plist;
				LD_RUNPATH_SEARCH_PATHS = "$(inherited) @executable_path/Frameworks";
				PRODUCT_BUNDLE_IDENTIFIER = com.efremidze.Example;
				PRODUCT_NAME = "$(TARGET_NAME)";
				SWIFT_VERSION = 4.0;
				TARGETED_DEVICE_FAMILY = "1,2";
			};
			name = Debug;
		};
		71463DD51FEBB00F00BCC7B9 /* Release */ = {
			isa = XCBuildConfiguration;
			buildSettings = {
				ALWAYS_EMBED_SWIFT_STANDARD_LIBRARIES = YES;
				ASSETCATALOG_COMPILER_APPICON_NAME = AppIcon;
				CODE_SIGN_STYLE = Automatic;
				INFOPLIST_FILE = Example/Info.plist;
				LD_RUNPATH_SEARCH_PATHS = "$(inherited) @executable_path/Frameworks";
				PRODUCT_BUNDLE_IDENTIFIER = com.efremidze.Example;
				PRODUCT_NAME = "$(TARGET_NAME)";
				SWIFT_VERSION = 4.0;
				TARGETED_DEVICE_FAMILY = "1,2";
			};
			name = Release;
		};
/* End XCBuildConfiguration section */

/* Begin XCConfigurationList section */
		71463DAF1FEBB00300BCC7B9 /* Build configuration list for PBXProject "Shiny" */ = {
			isa = XCConfigurationList;
			buildConfigurations = (
				71463DBB1FEBB00300BCC7B9 /* Debug */,
				71463DBC1FEBB00300BCC7B9 /* Release */,
			);
			defaultConfigurationIsVisible = 0;
			defaultConfigurationName = Release;
		};
		71463DBD1FEBB00300BCC7B9 /* Build configuration list for PBXNativeTarget "Shiny" */ = {
			isa = XCConfigurationList;
			buildConfigurations = (
				71463DBE1FEBB00300BCC7B9 /* Debug */,
				71463DBF1FEBB00300BCC7B9 /* Release */,
			);
			defaultConfigurationIsVisible = 0;
			defaultConfigurationName = Release;
		};
		71463DD31FEBB00F00BCC7B9 /* Build configuration list for PBXNativeTarget "Example" */ = {
			isa = XCConfigurationList;
			buildConfigurations = (
				71463DD41FEBB00F00BCC7B9 /* Debug */,
				71463DD51FEBB00F00BCC7B9 /* Release */,
			);
			defaultConfigurationIsVisible = 0;
			defaultConfigurationName = Release;
		};
/* End XCConfigurationList section */
	};
	rootObject = 71463DAC1FEBB00300BCC7B9 /* Project object */;
}
